
Microsoft Visual Studio Solution File, Format Version 12.00
# Visual Studio Version 16
VisualStudioVersion = 16.0.28922.388
MinimumVisualStudioVersion = 10.0.40219.1
Project("{FAE04EC0-301F-11D3-BF4B-00C04F79EFBC}") = "Demo1_20", "Demo1_20\Demo1_20.csproj", "{DAD7BBE5-B582-4F37-8CC8-7CF82A25ABE0}"
EndProject
Global
	GlobalSection(SolutionConfigurationPlatforms) = preSolution
		Debug|Any CPU = Debug|Any CPU
		Release|Any CPU = Release|Any CPU
	EndGlobalSection
	GlobalSection(ProjectConfigurationPlatforms) = postSolution
		{DAD7BBE5-B582-4F37-8CC8-7CF82A25ABE0}.Debug|Any CPU.ActiveCfg = Debug|Any CPU
		{DAD7BBE5-B582-4F37-8CC8-7CF82A25ABE0}.Debug|Any CPU.Build.0 = Debug|Any CPU
		{DAD7BBE5-B582-4F37-8CC8-7CF82A25ABE0}.Release|Any CPU.ActiveCfg = Release|Any CPU
		{DAD7BBE5-B582-4F37-8CC8-7CF82A25ABE0}.Release|Any CPU.Build.0 = Release|Any CPU
	EndGlobalSection
	GlobalSection(SolutionProperties) = preSolution
		HideSolutionNode = FALSE
	EndGlobalSection
	GlobalSection(ExtensibilityGlobals) = postSolution
		SolutionGuid = {19BC617E-5350-48DF-A7B9-4AC92FDDE686}
	EndGlobalSection
EndGlobal
